
Microsoft Visual Studio Solution File, Format Version 12.00
# Visual Studio Version 17
VisualStudioVersion = 17.2.32616.157
MinimumVisualStudioVersion = 10.0.40219.1
Project("{FAE04EC0-301F-11D3-BF4B-00C04F79EFBC}") = "WebSM", "WebSM\WebSM.csproj", "{F152918F-7036-421F-9F1A-80275E7F4BCF}"
EndProject
Project("{9A19103F-16F7-4668-BE54-9A1E7A4F7556}") = "WebSM.Vincent-OS-App", "WebSM.Vincent-OS-App\WebSM.Vincent-OS-App.csproj", "{97EB1B75-3596-4B1D-A416-C1CA011BE215}"
EndProject
Project("{9A19103F-16F7-4668-BE54-9A1E7A4F7556}") = "WebSM.Linux", "WebSM.Linux\WebSM.Linux.csproj", "{FB14F753-76E2-46EE-99BC-2ECAC1192DBB}"
EndProject
Project("{9A19103F-16F7-4668-BE54-9A1E7A4F7556}") = "WebSM.Linux.Desktop", "WebSM.Linux.Desktop\WebSM.Linux.Desktop.csproj", "{6DAAA439-00DF-4C20-A901-92CA67D8EACB}"
EndProject
Global
	GlobalSection(SolutionConfigurationPlatforms) = preSolution
		Debug|Any CPU = Debug|Any CPU
		Debug|ARM = Debug|ARM
		Debug|ARM64 = Debug|ARM64
		Debug|x64 = Debug|x64
		Debug|x86 = Debug|x86
		Release|Any CPU = Release|Any CPU
		Release|ARM = Release|ARM
		Release|ARM64 = Release|ARM64
		Release|x64 = Release|x64
		Release|x86 = Release|x86
	EndGlobalSection
	GlobalSection(ProjectConfigurationPlatforms) = postSolution
		{F152918F-7036-421F-9F1A-80275E7F4BCF}.Debug|Any CPU.ActiveCfg = Debug|x86
		{F152918F-7036-421F-9F1A-80275E7F4BCF}.Debug|Any CPU.Build.0 = Debug|x86
		{F152918F-7036-421F-9F1A-80275E7F4BCF}.Debug|Any CPU.Deploy.0 = Debug|x86
		{F152918F-7036-421F-9F1A-80275E7F4BCF}.Debug|ARM.ActiveCfg = Debug|ARM
		{F152918F-7036-421F-9F1A-80275E7F4BCF}.Debug|ARM.Build.0 = Debug|ARM
		{F152918F-7036-421F-9F1A-80275E7F4BCF}.Debug|ARM.Deploy.0 = Debug|ARM
		{F152918F-7036-421F-9F1A-80275E7F4BCF}.Debug|ARM64.ActiveCfg = Debug|ARM64
		{F152918F-7036-421F-9F1A-80275E7F4BCF}.Debug|ARM64.Build.0 = Debug|ARM64
		{F152918F-7036-421F-9F1A-80275E7F4BCF}.Debug|ARM64.Deploy.0 = Debug|ARM64
		{F152918F-7036-421F-9F1A-80275E7F4BCF}.Debug|x64.ActiveCfg = Debug|x64
		{F152918F-7036-421F-9F1A-80275E7F4BCF}.Debug|x64.Build.0 = Debug|x64
		{F152918F-7036-421F-9F1A-80275E7F4BCF}.Debug|x64.Deploy.0 = Debug|x64
		{F152918F-7036-421F-9F1A-80275E7F4BCF}.Debug|x86.ActiveCfg = Debug|x86
		{F152918F-7036-421F-9F1A-80275E7F4BCF}.Debug|x86.Build.0 = Debug|x86
		{F152918F-7036-421F-9F1A-80275E7F4BCF}.Debug|x86.Deploy.0 = Debug|x86
		{F152918F-7036-421F-9F1A-80275E7F4BCF}.Release|Any CPU.ActiveCfg = Release|Any CPU
		{F152918F-7036-421F-9F1A-80275E7F4BCF}.Release|Any CPU.Build.0 = Release|Any CPU
		{F152918F-7036-421F-9F1A-80275E7F4BCF}.Release|Any CPU.Deploy.0 = Release|Any CPU
		{F152918F-7036-421F-9F1A-80275E7F4BCF}.Release|ARM.ActiveCfg = Release|ARM
		{F152918F-7036-421F-9F1A-80275E7F4BCF}.Release|ARM.Build.0 = Release|ARM
		{F152918F-7036-421F-9F1A-80275E7F4BCF}.Release|ARM.Deploy.0 = Release|ARM
		{F152918F-7036-421F-9F1A-80275E7F4BCF}.Release|ARM64.ActiveCfg = Release|ARM64
		{F152918F-7036-421F-9F1A-80275E7F4BCF}.Release|ARM64.Build.0 = Release|ARM64
		{F152918F-7036-421F-9F1A-80275E7F4BCF}.Release|ARM64.Deploy.0 = Release|ARM64
		{F152918F-7036-421F-9F1A-80275E7F4BCF}.Release|x64.ActiveCfg = Release|x64
		{F152918F-7036-421F-9F1A-80275E7F4BCF}.Release|x64.Build.0 = Release|x64
		{F152918F-7036-421F-9F1A-80275E7F4BCF}.Release|x64.Deploy.0 = Release|x64
		{F152918F-7036-421F-9F1A-80275E7F4BCF}.Release|x86.ActiveCfg = Release|x86
		{F152918F-7036-421F-9F1A-80275E7F4BCF}.Release|x86.Build.0 = Release|x86
		{F152918F-7036-421F-9F1A-80275E7F4BCF}.Release|x86.Deploy.0 = Release|x86
		{97EB1B75-3596-4B1D-A416-C1CA011BE215}.Debug|Any CPU.ActiveCfg = Debug|Any CPU
		{97EB1B75-3596-4B1D-A416-C1CA011BE215}.Debug|Any CPU.Build.0 = Debug|Any CPU
		{97EB1B75-3596-4B1D-A416-C1CA011BE215}.Debug|ARM.ActiveCfg = Debug|Any CPU
		{97EB1B75-3596-4B1D-A416-C1CA011BE215}.Debug|ARM.Build.0 = Debug|Any CPU
		{97EB1B75-3596-4B1D-A416-C1CA011BE215}.Debug|ARM64.ActiveCfg = Debug|Any CPU
		{97EB1B75-3596-4B1D-A416-C1CA011BE215}.Debug|ARM64.Build.0 = Debug|Any CPU
		{97EB1B75-3596-4B1D-A416-C1CA011BE215}.Debug|x64.ActiveCfg = Debug|Any CPU
		{97EB1B75-3596-4B1D-A416-C1CA011BE215}.Debug|x64.Build.0 = Debug|Any CPU
		{97EB1B75-3596-4B1D-A416-C1CA011BE215}.Debug|x86.ActiveCfg = Debug|Any CPU
		{97EB1B75-3596-4B1D-A416-C1CA011BE215}.Debug|x86.Build.0 = Debug|Any CPU
		{97EB1B75-3596-4B1D-A416-C1CA011BE215}.Release|Any CPU.ActiveCfg = Release|Any CPU
		{97EB1B75-3596-4B1D-A416-C1CA011BE215}.Release|Any CPU.Build.0 = Release|Any CPU
		{97EB1B75-3596-4B1D-A416-C1CA011BE215}.Release|ARM.ActiveCfg = Release|Any CPU
		{97EB1B75-3596-4B1D-A416-C1CA011BE215}.Release|ARM.Build.0 = Release|Any CPU
		{97EB1B75-3596-4B1D-A416-C1CA011BE215}.Release|ARM64.ActiveCfg = Release|Any CPU
		{97EB1B75-3596-4B1D-A416-C1CA011BE215}.Release|ARM64.Build.0 = Release|Any CPU
		{97EB1B75-3596-4B1D-A416-C1CA011BE215}.Release|x64.ActiveCfg = Release|Any CPU
		{97EB1B75-3596-4B1D-A416-C1CA011BE215}.Release|x64.Build.0 = Release|Any CPU
		{97EB1B75-3596-4B1D-A416-C1CA011BE215}.Release|x86.ActiveCfg = Release|Any CPU
		{97EB1B75-3596-4B1D-A416-C1CA011BE215}.Release|x86.Build.0 = Release|Any CPU
		{FB14F753-76E2-46EE-99BC-2ECAC1192DBB}.Debug|Any CPU.ActiveCfg = Debug|Any CPU
		{FB14F753-76E2-46EE-99BC-2ECAC1192DBB}.Debug|Any CPU.Build.0 = Debug|Any CPU
		{FB14F753-76E2-46EE-99BC-2ECAC1192DBB}.Debug|ARM.ActiveCfg = Debug|Any CPU
		{FB14F753-76E2-46EE-99BC-2ECAC1192DBB}.Debug|ARM.Build.0 = Debug|Any CPU
		{FB14F753-76E2-46EE-99BC-2ECAC1192DBB}.Debug|ARM64.ActiveCfg = Debug|Any CPU
		{FB14F753-76E2-46EE-99BC-2ECAC1192DBB}.Debug|ARM64.Build.0 = Debug|Any CPU
		{FB14F753-76E2-46EE-99BC-2ECAC1192DBB}.Debug|x64.ActiveCfg = Debug|Any CPU
		{FB14F753-76E2-46EE-99BC-2ECAC1192DBB}.Debug|x64.Build.0 = Debug|Any CPU
		{FB14F753-76E2-46EE-99BC-2ECAC1192DBB}.Debug|x86.ActiveCfg = Debug|Any CPU
		{FB14F753-76E2-46EE-99BC-2ECAC1192DBB}.Debug|x86.Build.0 = Debug|Any CPU
		{FB14F753-76E2-46EE-99BC-2ECAC1192DBB}.Release|Any CPU.ActiveCfg = Release|Any CPU
		{FB14F753-76E2-46EE-99BC-2ECAC1192DBB}.Release|Any CPU.Build.0 = Release|Any CPU
		{FB14F753-76E2-46EE-99BC-2ECAC1192DBB}.Release|ARM.ActiveCfg = Release|Any CPU
		{FB14F753-76E2-46EE-99BC-2ECAC1192DBB}.Release|ARM.Build.0 = Release|Any CPU
		{FB14F753-76E2-46EE-99BC-2ECAC1192DBB}.Release|ARM64.ActiveCfg = Release|Any CPU
		{FB14F753-76E2-46EE-99BC-2ECAC1192DBB}.Release|ARM64.Build.0 = Release|Any CPU
		{FB14F753-76E2-46EE-99BC-2ECAC1192DBB}.Release|x64.ActiveCfg = Release|Any CPU
		{FB14F753-76E2-46EE-99BC-2ECAC1192DBB}.Release|x64.Build.0 = Release|Any CPU
		{FB14F753-76E2-46EE-99BC-2ECAC1192DBB}.Release|x86.ActiveCfg = Release|Any CPU
		{FB14F753-76E2-46EE-99BC-2ECAC1192DBB}.Release|x86.Build.0 = Release|Any CPU
		{6DAAA439-00DF-4C20-A901-92CA67D8EACB}.Debug|Any CPU.ActiveCfg = Debug|Any CPU
		{6DAAA439-00DF-4C20-A901-92CA67D8EACB}.Debug|Any CPU.Build.0 = Debug|Any CPU
		{6DAAA439-00DF-4C20-A901-92CA67D8EACB}.Debug|ARM.ActiveCfg = Debug|Any CPU
		{6DAAA439-00DF-4C20-A901-92CA67D8EACB}.Debug|ARM.Build.0 = Debug|Any CPU
		{6DAAA439-00DF-4C20-A901-92CA67D8EACB}.Debug|ARM64.ActiveCfg = Debug|Any CPU
		{6DAAA439-00DF-4C20-A901-92CA67D8EACB}.Debug|ARM64.Build.0 = Debug|Any CPU
		{6DAAA439-00DF-4C20-A901-92CA67D8EACB}.Debug|x64.ActiveCfg = Debug|Any CPU
		{6DAAA439-00DF-4C20-A901-92CA67D8EACB}.Debug|x64.Build.0 = Debug|Any CPU
		{6DAAA439-00DF-4C20-A901-92CA67D8EACB}.Debug|x86.ActiveCfg = Debug|Any CPU
		{6DAAA439-00DF-4C20-A901-92CA67D8EACB}.Debug|x86.Build.0 = Debug|Any CPU
		{6DAAA439-00DF-4C20-A901-92CA67D8EACB}.Release|Any CPU.ActiveCfg = Release|Any CPU
		{6DAAA439-00DF-4C20-A901-92CA67D8EACB}.Release|Any CPU.Build.0 = Release|Any CPU
		{6DAAA439-00DF-4C20-A901-92CA67D8EACB}.Release|ARM.ActiveCfg = Release|Any CPU
		{6DAAA439-00DF-4C20-A901-92CA67D8EACB}.Release|ARM.Build.0 = Release|Any CPU
		{6DAAA439-00DF-4C20-A901-92CA67D8EACB}.Release|ARM64.ActiveCfg = Release|Any CPU
		{6DAAA439-00DF-4C20-A901-92CA67D8EACB}.Release|ARM64.Build.0 = Release|Any CPU
		{6DAAA439-00DF-4C20-A901-92CA67D8EACB}.Release|x64.ActiveCfg = Release|Any CPU
		{6DAAA439-00DF-4C20-A901-92CA67D8EACB}.Release|x64.Build.0 = Release|Any CPU
		{6DAAA439-00DF-4C20-A901-92CA67D8EACB}.Release|x86.ActiveCfg = Release|Any CPU
		{6DAAA439-00DF-4C20-A901-92CA67D8EACB}.Release|x86.Build.0 = Release|Any CPU
	EndGlobalSection
	GlobalSection(SolutionProperties) = preSolution
		HideSolutionNode = FALSE
	EndGlobalSection
	GlobalSection(ExtensibilityGlobals) = postSolution
		SolutionGuid = {EEB622ED-0E77-490C-BE52-DE0BE9B8160F}
	EndGlobalSection
EndGlobal
